{
  "name": "win-bash-ai",
  "version": "0.3.1",
  "lockfileVersion": 3,
  "requires": true,
  "packages": {
    "": {
      "name": "win-bash-ai",
      "version": "0.3.1",
      "license": "MIT",
      "bin": {
        "win-bash": "bin/win-bash.js"
      },
      "engines": {
        "node": ">=20"
      }
    }
  }
}
